
Microsoft Visual Studio Solution File, Format Version 12.00
# Visual Studio Version 17
VisualStudioVersion = 17.5.33627.172
MinimumVisualStudioVersion = 10.0.40219.1
Project("{2150E333-8FDC-42A3-9474-1A3956D46DE8}") = "src", "src", "{97EB498D-73D6-4D1B-AC79-31153A224FFD}"
EndProject
Project("{9A19103F-16F7-4668-BE54-9A1E7A4F7556}") = "Najot.Domain", "src\Najot.Domain\Najot.Domain.csproj", "{55855E44-1CCB-4CF5-844C-75E9E30496F7}"
EndProject
Project("{9A19103F-16F7-4668-BE54-9A1E7A4F7556}") = "Najot.API", "src\Najot.API\Najot.API.csproj", "{678D32C8-38F7-40B9-9B23-5519CBD1777E}"
EndProject
Project("{9A19103F-16F7-4668-BE54-9A1E7A4F7556}") = "Najot.Application", "src\Najot.Application\Najot.Application.csproj", "{CF14AD54-3158-4C2C-A612-2807CE122E20}"
EndProject
Project("{9A19103F-16F7-4668-BE54-9A1E7A4F7556}") = "Najot.Infrastructure", "src\Najot.Infrastructure\Najot.Infrastructure.csproj", "{08AB265B-9DF2-4C3F-9683-C33F36C9D846}"
EndProject
Project("{E53339B2-1760-4266-BCC7-CA923CBCF16C}") = "docker-compose", "docker-compose.dcproj", "{DA6C9848-0CE3-4691-9821-45F16DAA8B33}"
EndProject
Project("{FAE04EC0-301F-11D3-BF4B-00C04F79EFBC}") = "Getaway.API", "src\Getaway.API\Getaway.API.csproj", "{AE82D559-FF3E-436B-8267-9CDDC12DAE13}"
EndProject
Global
	GlobalSection(SolutionConfigurationPlatforms) = preSolution
		Debug|Any CPU = Debug|Any CPU
		Debug|x64 = Debug|x64
		Debug|x86 = Debug|x86
		Release|Any CPU = Release|Any CPU
		Release|x64 = Release|x64
		Release|x86 = Release|x86
	EndGlobalSection
	GlobalSection(ProjectConfigurationPlatforms) = postSolution
		{55855E44-1CCB-4CF5-844C-75E9E30496F7}.Debug|Any CPU.ActiveCfg = Debug|Any CPU
		{55855E44-1CCB-4CF5-844C-75E9E30496F7}.Debug|Any CPU.Build.0 = Debug|Any CPU
		{55855E44-1CCB-4CF5-844C-75E9E30496F7}.Debug|x64.ActiveCfg = Debug|Any CPU
		{55855E44-1CCB-4CF5-844C-75E9E30496F7}.Debug|x64.Build.0 = Debug|Any CPU
		{55855E44-1CCB-4CF5-844C-75E9E30496F7}.Debug|x86.ActiveCfg = Debug|Any CPU
		{55855E44-1CCB-4CF5-844C-75E9E30496F7}.Debug|x86.Build.0 = Debug|Any CPU
		{55855E44-1CCB-4CF5-844C-75E9E30496F7}.Release|Any CPU.ActiveCfg = Release|Any CPU
		{55855E44-1CCB-4CF5-844C-75E9E30496F7}.Release|Any CPU.Build.0 = Release|Any CPU
		{55855E44-1CCB-4CF5-844C-75E9E30496F7}.Release|x64.ActiveCfg = Release|Any CPU
		{55855E44-1CCB-4CF5-844C-75E9E30496F7}.Release|x64.Build.0 = Release|Any CPU
		{55855E44-1CCB-4CF5-844C-75E9E30496F7}.Release|x86.ActiveCfg = Release|Any CPU
		{55855E44-1CCB-4CF5-844C-75E9E30496F7}.Release|x86.Build.0 = Release|Any CPU
		{678D32C8-38F7-40B9-9B23-5519CBD1777E}.Debug|Any CPU.ActiveCfg = Debug|Any CPU
		{678D32C8-38F7-40B9-9B23-5519CBD1777E}.Debug|Any CPU.Build.0 = Debug|Any CPU
		{678D32C8-38F7-40B9-9B23-5519CBD1777E}.Debug|x64.ActiveCfg = Debug|Any CPU
		{678D32C8-38F7-40B9-9B23-5519CBD1777E}.Debug|x64.Build.0 = Debug|Any CPU
		{678D32C8-38F7-40B9-9B23-5519CBD1777E}.Debug|x86.ActiveCfg = Debug|Any CPU
		{678D32C8-38F7-40B9-9B23-5519CBD1777E}.Debug|x86.Build.0 = Debug|Any CPU
		{678D32C8-38F7-40B9-9B23-5519CBD1777E}.Release|Any CPU.ActiveCfg = Release|Any CPU
		{678D32C8-38F7-40B9-9B23-5519CBD1777E}.Release|Any CPU.Build.0 = Release|Any CPU
		{678D32C8-38F7-40B9-9B23-5519CBD1777E}.Release|x64.ActiveCfg = Release|Any CPU
		{678D32C8-38F7-40B9-9B23-5519CBD1777E}.Release|x64.Build.0 = Release|Any CPU
		{678D32C8-38F7-40B9-9B23-5519CBD1777E}.Release|x86.ActiveCfg = Release|Any CPU
		{678D32C8-38F7-40B9-9B23-5519CBD1777E}.Release|x86.Build.0 = Release|Any CPU
		{CF14AD54-3158-4C2C-A612-2807CE122E20}.Debug|Any CPU.ActiveCfg = Debug|Any CPU
		{CF14AD54-3158-4C2C-A612-2807CE122E20}.Debug|Any CPU.Build.0 = Debug|Any CPU
		{CF14AD54-3158-4C2C-A612-2807CE122E20}.Debug|x64.ActiveCfg = Debug|Any CPU
		{CF14AD54-3158-4C2C-A612-2807CE122E20}.Debug|x64.Build.0 = Debug|Any CPU
		{CF14AD54-3158-4C2C-A612-2807CE122E20}.Debug|x86.ActiveCfg = Debug|Any CPU
		{CF14AD54-3158-4C2C-A612-2807CE122E20}.Debug|x86.Build.0 = Debug|Any CPU
		{CF14AD54-3158-4C2C-A612-2807CE122E20}.Release|Any CPU.ActiveCfg = Release|Any CPU
		{CF14AD54-3158-4C2C-A612-2807CE122E20}.Release|Any CPU.Build.0 = Release|Any CPU
		{CF14AD54-3158-4C2C-A612-2807CE122E20}.Release|x64.ActiveCfg = Release|Any CPU
		{CF14AD54-3158-4C2C-A612-2807CE122E20}.Release|x64.Build.0 = Release|Any CPU
		{CF14AD54-3158-4C2C-A612-2807CE122E20}.Release|x86.ActiveCfg = Release|Any CPU
		{CF14AD54-3158-4C2C-A612-2807CE122E20}.Release|x86.Build.0 = Release|Any CPU
		{08AB265B-9DF2-4C3F-9683-C33F36C9D846}.Debug|Any CPU.ActiveCfg = Debug|Any CPU
		{08AB265B-9DF2-4C3F-9683-C33F36C9D846}.Debug|Any CPU.Build.0 = Debug|Any CPU
		{08AB265B-9DF2-4C3F-9683-C33F36C9D846}.Debug|x64.ActiveCfg = Debug|Any CPU
		{08AB265B-9DF2-4C3F-9683-C33F36C9D846}.Debug|x64.Build.0 = Debug|Any CPU
		{08AB265B-9DF2-4C3F-9683-C33F36C9D846}.Debug|x86.ActiveCfg = Debug|Any CPU
		{08AB265B-9DF2-4C3F-9683-C33F36C9D846}.Debug|x86.Build.0 = Debug|Any CPU
		{08AB265B-9DF2-4C3F-9683-C33F36C9D846}.Release|Any CPU.ActiveCfg = Release|Any CPU
		{08AB265B-9DF2-4C3F-9683-C33F36C9D846}.Release|Any CPU.Build.0 = Release|Any CPU
		{08AB265B-9DF2-4C3F-9683-C33F36C9D846}.Release|x64.ActiveCfg = Release|Any CPU
		{08AB265B-9DF2-4C3F-9683-C33F36C9D846}.Release|x64.Build.0 = Release|Any CPU
		{08AB265B-9DF2-4C3F-9683-C33F36C9D846}.Release|x86.ActiveCfg = Release|Any CPU
		{08AB265B-9DF2-4C3F-9683-C33F36C9D846}.Release|x86.Build.0 = Release|Any CPU
		{DA6C9848-0CE3-4691-9821-45F16DAA8B33}.Debug|Any CPU.ActiveCfg = Debug|Any CPU
		{DA6C9848-0CE3-4691-9821-45F16DAA8B33}.Debug|Any CPU.Build.0 = Debug|Any CPU
		{DA6C9848-0CE3-4691-9821-45F16DAA8B33}.Debug|x64.ActiveCfg = Debug|Any CPU
		{DA6C9848-0CE3-4691-9821-45F16DAA8B33}.Debug|x64.Build.0 = Debug|Any CPU
		{DA6C9848-0CE3-4691-9821-45F16DAA8B33}.Debug|x86.ActiveCfg = Debug|Any CPU
		{DA6C9848-0CE3-4691-9821-45F16DAA8B33}.Debug|x86.Build.0 = Debug|Any CPU
		{DA6C9848-0CE3-4691-9821-45F16DAA8B33}.Release|Any CPU.ActiveCfg = Release|Any CPU
		{DA6C9848-0CE3-4691-9821-45F16DAA8B33}.Release|Any CPU.Build.0 = Release|Any CPU
		{DA6C9848-0CE3-4691-9821-45F16DAA8B33}.Release|x64.ActiveCfg = Release|Any CPU
		{DA6C9848-0CE3-4691-9821-45F16DAA8B33}.Release|x64.Build.0 = Release|Any CPU
		{DA6C9848-0CE3-4691-9821-45F16DAA8B33}.Release|x86.ActiveCfg = Release|Any CPU
		{DA6C9848-0CE3-4691-9821-45F16DAA8B33}.Release|x86.Build.0 = Release|Any CPU
		{AE82D559-FF3E-436B-8267-9CDDC12DAE13}.Debug|Any CPU.ActiveCfg = Debug|Any CPU
		{AE82D559-FF3E-436B-8267-9CDDC12DAE13}.Debug|Any CPU.Build.0 = Debug|Any CPU
		{AE82D559-FF3E-436B-8267-9CDDC12DAE13}.Debug|x64.ActiveCfg = Debug|Any CPU
		{AE82D559-FF3E-436B-8267-9CDDC12DAE13}.Debug|x64.Build.0 = Debug|Any CPU
		{AE82D559-FF3E-436B-8267-9CDDC12DAE13}.Debug|x86.ActiveCfg = Debug|Any CPU
		{AE82D559-FF3E-436B-8267-9CDDC12DAE13}.Debug|x86.Build.0 = Debug|Any CPU
		{AE82D559-FF3E-436B-8267-9CDDC12DAE13}.Release|Any CPU.ActiveCfg = Release|Any CPU
		{AE82D559-FF3E-436B-8267-9CDDC12DAE13}.Release|Any CPU.Build.0 = Release|Any CPU
		{AE82D559-FF3E-436B-8267-9CDDC12DAE13}.Release|x64.ActiveCfg = Release|Any CPU
		{AE82D559-FF3E-436B-8267-9CDDC12DAE13}.Release|x64.Build.0 = Release|Any CPU
		{AE82D559-FF3E-436B-8267-9CDDC12DAE13}.Release|x86.ActiveCfg = Release|Any CPU
		{AE82D559-FF3E-436B-8267-9CDDC12DAE13}.Release|x86.Build.0 = Release|Any CPU
	EndGlobalSection
	GlobalSection(SolutionProperties) = preSolution
		HideSolutionNode = FALSE
	EndGlobalSection
	GlobalSection(NestedProjects) = preSolution
		{55855E44-1CCB-4CF5-844C-75E9E30496F7} = {97EB498D-73D6-4D1B-AC79-31153A224FFD}
		{678D32C8-38F7-40B9-9B23-5519CBD1777E} = {97EB498D-73D6-4D1B-AC79-31153A224FFD}
		{CF14AD54-3158-4C2C-A612-2807CE122E20} = {97EB498D-73D6-4D1B-AC79-31153A224FFD}
		{08AB265B-9DF2-4C3F-9683-C33F36C9D846} = {97EB498D-73D6-4D1B-AC79-31153A224FFD}
		{AE82D559-FF3E-436B-8267-9CDDC12DAE13} = {97EB498D-73D6-4D1B-AC79-31153A224FFD}
	EndGlobalSection
	GlobalSection(ExtensibilityGlobals) = postSolution
		SolutionGuid = {C53027CC-F5CB-4DF9-AD48-B4C71561109F}
	EndGlobalSection
EndGlobal
